
Microsoft Visual Studio Solution File, Format Version 12.00
# Visual Studio 15
VisualStudioVersion = 15.0.27004.2010
MinimumVisualStudioVersion = 10.0.40219.1
Project("{FAE04EC0-301F-11D3-BF4B-00C04F79EFBC}") = "AmazonPrice", "AmazonPrice\AmazonPrice.csproj", "{2D37BAD4-0003-48E7-8C25-5F59B16857EB}"
EndProject
Global
	GlobalSection(SolutionConfigurationPlatforms) = preSolution
		Debug|Any CPU = Debug|Any CPU
		Release|Any CPU = Release|Any CPU
	EndGlobalSection
	GlobalSection(ProjectConfigurationPlatforms) = postSolution
		{2D37BAD4-0003-48E7-8C25-5F59B16857EB}.Debug|Any CPU.ActiveCfg = Debug|Any CPU
		{2D37BAD4-0003-48E7-8C25-5F59B16857EB}.Debug|Any CPU.Build.0 = Debug|Any CPU
		{2D37BAD4-0003-48E7-8C25-5F59B16857EB}.Release|Any CPU.ActiveCfg = Release|Any CPU
		{2D37BAD4-0003-48E7-8C25-5F59B16857EB}.Release|Any CPU.Build.0 = Release|Any CPU
	EndGlobalSection
	GlobalSection(SolutionProperties) = preSolution
		HideSolutionNode = FALSE
	EndGlobalSection
	GlobalSection(ExtensibilityGlobals) = postSolution
		SolutionGuid = {4AB4A46F-7D87-404C-8992-10844140EACD}
	EndGlobalSection
EndGlobal
